
Microsoft Visual Studio Solution File, Format Version 12.00
# Visual Studio Version 17
VisualStudioVersion = 17.6.33712.159
MinimumVisualStudioVersion = 10.0.40219.1
Project("{9A19103F-16F7-4668-BE54-9A1E7A4F7556}") = "YummyGenAPI", "YummyGenAPI\YummyGenAPI.csproj", "{ED5CAD77-F68F-4A3D-8685-77A70758FB99}"
EndProject
Project("{9A19103F-16F7-4668-BE54-9A1E7A4F7556}") = "YummyGen.DataAccess", "YummyGen.DataAccess\YummyGen.DataAccess.csproj", "{55FA8978-7AA3-48C5-817F-22507B252724}"
EndProject
Project("{9A19103F-16F7-4668-BE54-9A1E7A4F7556}") = "YummyGen.Domain", "YummyGen.Domain\YummyGen.Domain.csproj", "{6716D956-9D9F-4B96-8F3C-117E3C4550F8}"
EndProject
Project("{9A19103F-16F7-4668-BE54-9A1E7A4F7556}") = "YummyGen.Controller", "YummyGen.Controller\YummyGen.Controller.csproj", "{8F6FB56F-E330-41FC-B4B1-CB935113EB40}"
EndProject
Project("{9A19103F-16F7-4668-BE54-9A1E7A4F7556}") = "YummyGen.Application", "YummyGen.Application\YummyGen.Application.csproj", "{9FD7193D-DF09-4D7A-9089-479B36C42514}"
EndProject
Project("{FAE04EC0-301F-11D3-BF4B-00C04F79EFBC}") = "YummyGen.UnitTests", "YummyGen.UnitTests\YummyGen.UnitTests.csproj", "{167EC9CB-0636-4B4C-8F62-ABBBD82447E9}"
EndProject
Global
	GlobalSection(SolutionConfigurationPlatforms) = preSolution
		Debug|Any CPU = Debug|Any CPU
		Release|Any CPU = Release|Any CPU
	EndGlobalSection
	GlobalSection(ProjectConfigurationPlatforms) = postSolution
		{ED5CAD77-F68F-4A3D-8685-77A70758FB99}.Debug|Any CPU.ActiveCfg = Debug|Any CPU
		{ED5CAD77-F68F-4A3D-8685-77A70758FB99}.Debug|Any CPU.Build.0 = Debug|Any CPU
		{ED5CAD77-F68F-4A3D-8685-77A70758FB99}.Release|Any CPU.ActiveCfg = Release|Any CPU
		{ED5CAD77-F68F-4A3D-8685-77A70758FB99}.Release|Any CPU.Build.0 = Release|Any CPU
		{55FA8978-7AA3-48C5-817F-22507B252724}.Debug|Any CPU.ActiveCfg = Debug|Any CPU
		{55FA8978-7AA3-48C5-817F-22507B252724}.Debug|Any CPU.Build.0 = Debug|Any CPU
		{55FA8978-7AA3-48C5-817F-22507B252724}.Release|Any CPU.ActiveCfg = Release|Any CPU
		{55FA8978-7AA3-48C5-817F-22507B252724}.Release|Any CPU.Build.0 = Release|Any CPU
		{6716D956-9D9F-4B96-8F3C-117E3C4550F8}.Debug|Any CPU.ActiveCfg = Debug|Any CPU
		{6716D956-9D9F-4B96-8F3C-117E3C4550F8}.Debug|Any CPU.Build.0 = Debug|Any CPU
		{6716D956-9D9F-4B96-8F3C-117E3C4550F8}.Release|Any CPU.ActiveCfg = Release|Any CPU
		{6716D956-9D9F-4B96-8F3C-117E3C4550F8}.Release|Any CPU.Build.0 = Release|Any CPU
		{8F6FB56F-E330-41FC-B4B1-CB935113EB40}.Debug|Any CPU.ActiveCfg = Debug|Any CPU
		{8F6FB56F-E330-41FC-B4B1-CB935113EB40}.Debug|Any CPU.Build.0 = Debug|Any CPU
		{8F6FB56F-E330-41FC-B4B1-CB935113EB40}.Release|Any CPU.ActiveCfg = Release|Any CPU
		{8F6FB56F-E330-41FC-B4B1-CB935113EB40}.Release|Any CPU.Build.0 = Release|Any CPU
		{9FD7193D-DF09-4D7A-9089-479B36C42514}.Debug|Any CPU.ActiveCfg = Debug|Any CPU
		{9FD7193D-DF09-4D7A-9089-479B36C42514}.Debug|Any CPU.Build.0 = Debug|Any CPU
		{9FD7193D-DF09-4D7A-9089-479B36C42514}.Release|Any CPU.ActiveCfg = Release|Any CPU
		{9FD7193D-DF09-4D7A-9089-479B36C42514}.Release|Any CPU.Build.0 = Release|Any CPU
		{167EC9CB-0636-4B4C-8F62-ABBBD82447E9}.Debug|Any CPU.ActiveCfg = Debug|Any CPU
		{167EC9CB-0636-4B4C-8F62-ABBBD82447E9}.Debug|Any CPU.Build.0 = Debug|Any CPU
		{167EC9CB-0636-4B4C-8F62-ABBBD82447E9}.Release|Any CPU.ActiveCfg = Release|Any CPU
		{167EC9CB-0636-4B4C-8F62-ABBBD82447E9}.Release|Any CPU.Build.0 = Release|Any CPU
	EndGlobalSection
	GlobalSection(SolutionProperties) = preSolution
		HideSolutionNode = FALSE
	EndGlobalSection
	GlobalSection(ExtensibilityGlobals) = postSolution
		SolutionGuid = {4BC6B75B-DD5B-481A-A279-E392BE46D7B1}
	EndGlobalSection
EndGlobal
